<?xml version="1.0" encoding="UTF-8"?>
<Scheme
   LastUpgradeVersion = "2620"
   version = "1.8">
   <BuildAction
      parallelizeBuildables = "YES"
      buildImplicitDependencies = "YES"
      buildArchitectures = "Automatic">
      <BuildActionEntries>
         <BuildActionEntry
            buildForTesting = "YES"
            buildForRunning = "YES"
            buildForProfiling = "YES"
            buildForArchiving = "YES"
            buildForAnalyzing = "YES">
            <BuildableReference
               BuildableIdentifier = "primary"
               BlueprintIdentifier = "7A79EC082F543B2D009062F6"
               BuildableName = "Sphere.app"
               BlueprintName = "Sphere"
               ReferencedContainer = "container:Sphere.xcodeproj">
            </BuildableReference>
         </BuildActionEntry>
         <BuildActionEntry
            buildForTesting = "YES"
            buildForRunning = "NO"
            buildForProfiling = "NO"
            buildForArchiving = "NO"
            buildForAnalyzing = "NO">
            <BuildableReference
               BuildableIdentifier = "primary"
               BlueprintIdentifier = "7A79EC242F543B2D009062F6"
               BuildableName = "SphereWidget.appex"
               BlueprintName = "SphereWidget"
               ReferencedContainer = "container:Sphere.xcodeproj">
            </BuildableReference>
         </BuildActionEntry>
         <BuildActionEntry
            buildForTesting = "YES"
            buildForRunning = "NO"
            buildForProfiling = "NO"
            buildForArchiving = "NO"
            buildForAnalyzing = "NO">
            <BuildableReference
               BuildableIdentifier = "primary"
               BlueprintIdentifier = "B2SH005F543B2E009062F6"
               BuildableName = "SphereShareExtension.appex"
               BlueprintName = "SphereShareExtension"
               ReferencedContainer = "container:Sphere.xcodeproj">
            </BuildableReference>
         </BuildActionEntry>
      </BuildActionEntries>
   </BuildAction>
   <TestAction
      buildConfiguration = "Debug"
      selectedDebugger = "Xcode.DebuggerFoundation.Debugger.LLDB"
      selectedLauncher = "Xcode.DebuggerFoundation.Launcher.LLDB"
      selectedDebuggerIdentifier = "Xcode.DebuggerFoundation.Debugger.LLDB"
      selectedLauncherIdentifier = "Xcode.DebuggerFoundation.Launcher.LLDB"
      shouldUseLaunchSchemeArgsEnv = "YES"
      shouldAutocreateTestPlan = "YES">
   </TestAction>
   <LaunchAction
      buildConfiguration = "Debug"
      selectedDebugger = "Xcode.DebuggerFoundation.Debugger.LLDB"
      selectedLauncher = "Xcode.DebuggerFoundation.Launcher.LLDB"
      selectedDebuggerIdentifier = "Xcode.DebuggerFoundation.Debugger.LLDB"
      selectedLauncherIdentifier = "Xcode.DebuggerFoundation.Launcher.LLDB"
      launchStyle = "0"
      useCustomWorkingDirectory = "NO"
      ignoresPersistentStateOnLaunch = "NO"
      debugDocumentVersioning = "YES"
      debugServiceExtension = "internal"
      allowLocationSimulation = "YES">
      <BuildableProductRunnable
         runnableDebuggingMode = "0">
         <BuildableReference
            BuildableIdentifier = "primary"
            BlueprintIdentifier = "7A79EC082F543B2D009062F6"
            BuildableName = "Sphere.app"
            BlueprintName = "Sphere"
            ReferencedContainer = "container:Sphere.xcodeproj">
         </BuildableReference>
      </BuildableProductRunnable>
   </LaunchAction>
   <ProfileAction
      buildConfiguration = "Release"
      shouldUseLaunchSchemeArgsEnv = "YES"
      savedToolIdentifier = ""
      useCustomWorkingDirectory = "NO"
      debugDocumentVersioning = "YES">
      <BuildableProductRunnable
         runnableDebuggingMode = "0">
         <BuildableReference
            BuildableIdentifier = "primary"
            BlueprintIdentifier = "7A79EC082F543B2D009062F6"
            BuildableName = "Sphere.app"
            BlueprintName = "Sphere"
            ReferencedContainer = "container:Sphere.xcodeproj">
         </BuildableReference>
      </BuildableProductRunnable>
   </ProfileAction>
   <AnalyzeAction
      buildConfiguration = "Debug">
   </AnalyzeAction>
   <ArchiveAction
      buildConfiguration = "Release"
      revealArchiveInOrganizer = "YES">
   </ArchiveAction>
</Scheme>
